
Microsoft Visual Studio Solution File, Format Version 12.00
# Visual Studio 15
Project("{FAE04EC0-301F-11D3-BF4B-00C04F79EFBC}") = "DemoIosApp", "DemoIosApp\DemoIosApp.csproj", "{23D9D8AC-96BA-406F-8C54-0AB7E312CB75}"
EndProject
Project("{FAE04EC0-301F-11D3-BF4B-00C04F79EFBC}") = "DemoAppDroid", "..\DemoAppDroid\DemoAppDroid.csproj", "{9BF27C51-C184-4026-B3C9-3A124EF0D4A1}"
EndProject
Global
	GlobalSection(SolutionConfigurationPlatforms) = preSolution
		Debug|iPhoneSimulator = Debug|iPhoneSimulator
		Release|iPhone = Release|iPhone
		Release|iPhoneSimulator = Release|iPhoneSimulator
		Debug|iPhone = Debug|iPhone
	EndGlobalSection
	GlobalSection(ProjectConfigurationPlatforms) = postSolution
		{23D9D8AC-96BA-406F-8C54-0AB7E312CB75}.Debug|iPhoneSimulator.ActiveCfg = Debug|iPhoneSimulator
		{23D9D8AC-96BA-406F-8C54-0AB7E312CB75}.Debug|iPhoneSimulator.Build.0 = Debug|iPhoneSimulator
		{23D9D8AC-96BA-406F-8C54-0AB7E312CB75}.Release|iPhone.ActiveCfg = Release|iPhone
		{23D9D8AC-96BA-406F-8C54-0AB7E312CB75}.Release|iPhone.Build.0 = Release|iPhone
		{23D9D8AC-96BA-406F-8C54-0AB7E312CB75}.Release|iPhoneSimulator.ActiveCfg = Release|iPhoneSimulator
		{23D9D8AC-96BA-406F-8C54-0AB7E312CB75}.Release|iPhoneSimulator.Build.0 = Release|iPhoneSimulator
		{23D9D8AC-96BA-406F-8C54-0AB7E312CB75}.Debug|iPhone.ActiveCfg = Debug|iPhone
		{23D9D8AC-96BA-406F-8C54-0AB7E312CB75}.Debug|iPhone.Build.0 = Debug|iPhone
		{9BF27C51-C184-4026-B3C9-3A124EF0D4A1}.Debug|iPhoneSimulator.ActiveCfg = Debug|Any CPU
		{9BF27C51-C184-4026-B3C9-3A124EF0D4A1}.Debug|iPhoneSimulator.Build.0 = Debug|Any CPU
		{9BF27C51-C184-4026-B3C9-3A124EF0D4A1}.Release|iPhone.ActiveCfg = Release|Any CPU
		{9BF27C51-C184-4026-B3C9-3A124EF0D4A1}.Release|iPhone.Build.0 = Release|Any CPU
		{9BF27C51-C184-4026-B3C9-3A124EF0D4A1}.Release|iPhoneSimulator.ActiveCfg = Release|Any CPU
		{9BF27C51-C184-4026-B3C9-3A124EF0D4A1}.Release|iPhoneSimulator.Build.0 = Release|Any CPU
		{9BF27C51-C184-4026-B3C9-3A124EF0D4A1}.Debug|iPhone.ActiveCfg = Debug|Any CPU
		{9BF27C51-C184-4026-B3C9-3A124EF0D4A1}.Debug|iPhone.Build.0 = Debug|Any CPU
	EndGlobalSection
EndGlobal
